# This file is automatically @generated by Cargo.
# It is not intended for manual editing.
version = 3

[[package]]
name = "leet-0004"
version = "0.1.0"

[[package]]
name = "leet-0119"
version = "0.1.0"

[[package]]
name = "leet-0229"
version = "0.1.0"

[[package]]
name = "leet-0316"
version = "0.1.0"

[[package]]
name = "leet-0338"
version = "0.1.0"

[[package]]
name = "leet-0343"
version = "0.1.0"

[[package]]
name = "leet-0389"
version = "0.1.0"

[[package]]
name = "leet-0392"
version = "0.1.0"

[[package]]
name = "leet-0456"
version = "0.1.0"

[[package]]
name = "leet-0557"
version = "0.1.0"

[[package]]
name = "leet-0706"
version = "0.1.0"

[[package]]
name = "leet-0844"
version = "0.1.0"

[[package]]
name = "leet-0880"
version = "0.1.0"

[[package]]
name = "leet-0896"
version = "0.1.0"

[[package]]
name = "leet-0905"
version = "0.1.0"

[[package]]
name = "leet-1120"
version = "0.1.0"

[[package]]
name = "leet-1269"
version = "0.1.0"

[[package]]
name = "leet-1361"
version = "0.1.0"

[[package]]
name = "leet-1512"
version = "0.1.0"

[[package]]
name = "leet-2009"
version = "0.1.0"

[[package]]
name = "leet-2405"
version = "0.1.0"

[[package]]
name = "leet-2843"
version = "0.1.0"

[[package]]
name = "leet-2855"
version = "0.1.0"

[[package]]
name = "leet-2864"
version = "0.1.0"

[[package]]
name = "leet-2894"
version = "0.1.0"

[[package]]
name = "leet-2895"
version = "0.1.0"

[[package]]
name = "leet-2896"
version = "0.1.0"

[[package]]
name = "leet-2903"
version = "0.1.0"

[[package]]
name = "leet-2908"
version = "0.1.0"

[[package]]
name = "leet-2909"
version = "0.1.0"

[[package]]
name = "leet-2913"
version = "0.1.0"
