# This file is automatically @generated by Cargo.
# It is not intended for manual editing.
version = 3

[[package]]
name = "problem-0456"
version = "0.1.0"

[[package]]
name = "problem-0557"
version = "0.1.0"

[[package]]
name = "problem0004"
version = "0.1.0"

[[package]]
name = "problem0316"
version = "0.1.0"

[[package]]
name = "problem0338"
version = "0.1.0"

[[package]]
name = "problem0389"
version = "0.1.0"

[[package]]
name = "problem0392"
version = "0.1.0"

[[package]]
name = "problem0880"
version = "0.1.0"

[[package]]
name = "problem0896"
version = "0.1.0"

[[package]]
name = "problem0905"
version = "0.1.0"

[[package]]
name = "problem2405"
version = "0.1.0"

[[package]]
name = "problem2864"
version = "0.1.0"
