# This file is automatically @generated by Cargo.
# It is not intended for manual editing.
version = 3

[[package]]
name = "leet-0004"
version = "0.1.0"

[[package]]
name = "leet-0316"
version = "0.1.0"

[[package]]
name = "leet-0338"
version = "0.1.0"

[[package]]
name = "leet-0389"
version = "0.1.0"

[[package]]
name = "leet-0392"
version = "0.1.0"

[[package]]
name = "leet-0456"
version = "0.1.0"

[[package]]
name = "leet-0557"
version = "0.1.0"

[[package]]
name = "leet-0880"
version = "0.1.0"

[[package]]
name = "leet-0896"
version = "0.1.0"

[[package]]
name = "leet-0905"
version = "0.1.0"

[[package]]
name = "leet-1512"
version = "0.1.0"

[[package]]
name = "leet-2405"
version = "0.1.0"

[[package]]
name = "leet-2855"
version = "0.1.0"

[[package]]
name = "leet-2864"
version = "0.1.0"
